// !$*UTF8*$!
{
	archiveVersion = 1;
	classes = {
	};
	objectVersion = 50;
	objects = {

/* Begin PBXBuildFile section */
		1D376B4F231036DA00E7EA54 /* AppDelegate.swift in Sources */ = {isa = PBXBuildFile; fileRef = 1D376B4E231036DA00E7EA54 /* AppDelegate.swift */; };
		1D376B54231036DA00E7EA54 /* Main.storyboard in Resources */ = {isa = PBXBuildFile; fileRef = 1D376B52231036DA00E7EA54 /* Main.storyboard */; };
		1D376B56231036DC00E7EA54 /* Assets.xcassets in Resources */ = {isa = PBXBuildFile; fileRef = 1D376B55231036DC00E7EA54 /* Assets.xcassets */; };
		1D376B59231036DC00E7EA54 /* LaunchScreen.storyboard in Resources */ = {isa = PBXBuildFile; fileRef = 1D376B57231036DC00E7EA54 /* LaunchScreen.storyboard */; };
		1D376B6323103C5F00E7EA54 /* HomeViewController.swift in Sources */ = {isa = PBXBuildFile; fileRef = 1D376B6223103C5F00E7EA54 /* HomeViewController.swift */; };
		1D4EDE81231EC0E2008992C1 /* FirstGrid.xib in Resources */ = {isa = PBXBuildFile; fileRef = 1D4EDE80231EC0E2008992C1 /* FirstGrid.xib */; };
		1D4EDE83231EC6FD008992C1 /* ThirdGrid.swift in Sources */ = {isa = PBXBuildFile; fileRef = 1D4EDE82231EC6FD008992C1 /* ThirdGrid.swift */; };
		1D781420231434C300F87BFA /* HomeViewModel.swift in Sources */ = {isa = PBXBuildFile; fileRef = 1D78141F231434C300F87BFA /* HomeViewModel.swift */; };
		1D7BCB7E231EBB8C00471AC9 /* FirstGrid.swift in Sources */ = {isa = PBXBuildFile; fileRef = 1D7BCB7D231EBB8C00471AC9 /* FirstGrid.swift */; };
		1D7C46322311167200C30F43 /* ThirstySoftRegular.otf in Resources */ = {isa = PBXBuildFile; fileRef = 1D7C46302311167200C30F43 /* ThirstySoftRegular.otf */; };
		1D7C46332311167200C30F43 /* Delm-Medium.otf in Resources */ = {isa = PBXBuildFile; fileRef = 1D7C46312311167200C30F43 /* Delm-Medium.otf */; };
		1DCD760523201FEB00788F8F /* GridViewModel.swift in Sources */ = {isa = PBXBuildFile; fileRef = 1DCD760423201FEB00788F8F /* GridViewModel.swift */; };
		1DFE945723193F5F0074786A /* SecondGrid.xib in Resources */ = {isa = PBXBuildFile; fileRef = 1DFE945623193F5F0074786A /* SecondGrid.xib */; };
		1DFE945D231947610074786A /* ThirdGrid.xib in Resources */ = {isa = PBXBuildFile; fileRef = 1DFE945C231947610074786A /* ThirdGrid.xib */; };
		1DFE9463231948530074786A /* SecondGrid.swift in Sources */ = {isa = PBXBuildFile; fileRef = 1DFE9462231948530074786A /* SecondGrid.swift */; };
/* End PBXBuildFile section */

/* Begin PBXFileReference section */
		1D376B4B231036DA00E7EA54 /* Instagrid.app */ = {isa = PBXFileReference; explicitFileType = wrapper.application; includeInIndex = 0; path = Instagrid.app; sourceTree = BUILT_PRODUCTS_DIR; };
		1D376B4E231036DA00E7EA54 /* AppDelegate.swift */ = {isa = PBXFileReference; lastKnownFileType = sourcecode.swift; path = AppDelegate.swift; sourceTree = "<group>"; };
		1D376B53231036DA00E7EA54 /* Base */ = {isa = PBXFileReference; lastKnownFileType = file.storyboard; name = Base; path = Base.lproj/Main.storyboard; sourceTree = "<group>"; };
		1D376B55231036DC00E7EA54 /* Assets.xcassets */ = {isa = PBXFileReference; lastKnownFileType = folder.assetcatalog; path = Assets.xcassets; sourceTree = "<group>"; };
		1D376B58231036DC00E7EA54 /* Base */ = {isa = PBXFileReference; lastKnownFileType = file.storyboard; name = Base; path = Base.lproj/LaunchScreen.storyboard; sourceTree = "<group>"; };
		1D376B5A231036DC00E7EA54 /* Info.plist */ = {isa = PBXFileReference; lastKnownFileType = text.plist.xml; path = Info.plist; sourceTree = "<group>"; };
		1D376B6223103C5F00E7EA54 /* HomeViewController.swift */ = {isa = PBXFileReference; lastKnownFileType = sourcecode.swift; path = HomeViewController.swift; sourceTree = "<group>"; };
		1D4EDE80231EC0E2008992C1 /* FirstGrid.xib */ = {isa = PBXFileReference; lastKnownFileType = file.xib; path = FirstGrid.xib; sourceTree = "<group>"; };
		1D4EDE82231EC6FD008992C1 /* ThirdGrid.swift */ = {isa = PBXFileReference; lastKnownFileType = sourcecode.swift; path = ThirdGrid.swift; sourceTree = "<group>"; };
		1D78141F231434C300F87BFA /* HomeViewModel.swift */ = {isa = PBXFileReference; lastKnownFileType = sourcecode.swift; path = HomeViewModel.swift; sourceTree = "<group>"; };
		1D7BCB7D231EBB8C00471AC9 /* FirstGrid.swift */ = {isa = PBXFileReference; lastKnownFileType = sourcecode.swift; path = FirstGrid.swift; sourceTree = "<group>"; };
		1D7C46302311167200C30F43 /* ThirstySoftRegular.otf */ = {isa = PBXFileReference; lastKnownFileType = file; name = ThirstySoftRegular.otf; path = ../../../Ressources/ThirstySoftRegular.otf; sourceTree = "<group>"; };
		1D7C46312311167200C30F43 /* Delm-Medium.otf */ = {isa = PBXFileReference; lastKnownFileType = file; name = "Delm-Medium.otf"; path = "../../../Ressources/Delm-Medium.otf"; sourceTree = "<group>"; };
		1DCD760423201FEB00788F8F /* GridViewModel.swift */ = {isa = PBXFileReference; lastKnownFileType = sourcecode.swift; path = GridViewModel.swift; sourceTree = "<group>"; };
		1DFE945623193F5F0074786A /* SecondGrid.xib */ = {isa = PBXFileReference; lastKnownFileType = file.xib; path = SecondGrid.xib; sourceTree = "<group>"; };
		1DFE945C231947610074786A /* ThirdGrid.xib */ = {isa = PBXFileReference; lastKnownFileType = file.xib; path = ThirdGrid.xib; sourceTree = "<group>"; };
		1DFE9462231948530074786A /* SecondGrid.swift */ = {isa = PBXFileReference; lastKnownFileType = sourcecode.swift; path = SecondGrid.swift; sourceTree = "<group>"; };
/* End PBXFileReference section */

/* Begin PBXFrameworksBuildPhase section */
		1D376B48231036DA00E7EA54 /* Frameworks */ = {
			isa = PBXFrameworksBuildPhase;
			buildActionMask = 2147483647;
			files = (
			);
			runOnlyForDeploymentPostprocessing = 0;
		};
/* End PBXFrameworksBuildPhase section */

/* Begin PBXGroup section */
		1D376B42231036DA00E7EA54 = {
			isa = PBXGroup;
			children = (
				1D376B4D231036DA00E7EA54 /* Instagrid */,
				1D376B4C231036DA00E7EA54 /* Products */,
			);
			sourceTree = "<group>";
		};
		1D376B4C231036DA00E7EA54 /* Products */ = {
			isa = PBXGroup;
			children = (
				1D376B4B231036DA00E7EA54 /* Instagrid.app */,
			);
			name = Products;
			sourceTree = "<group>";
		};
		1D376B4D231036DA00E7EA54 /* Instagrid */ = {
			isa = PBXGroup;
			children = (
				1D376B6023103B4A00E7EA54 /* Sources */,
				1D376B6123103B5300E7EA54 /* Ressources */,
			);
			path = Instagrid;
			sourceTree = "<group>";
		};
		1D376B6023103B4A00E7EA54 /* Sources */ = {
			isa = PBXGroup;
			children = (
				1D376B4E231036DA00E7EA54 /* AppDelegate.swift */,
				1D376B52231036DA00E7EA54 /* Main.storyboard */,
				1D376B6223103C5F00E7EA54 /* HomeViewController.swift */,
				1D78141F231434C300F87BFA /* HomeViewModel.swift */,
				1DFE945E231947EE0074786A /* Grids */,
			);
			path = Sources;
			sourceTree = "<group>";
		};
		1D376B6123103B5300E7EA54 /* Ressources */ = {
			isa = PBXGroup;
			children = (
				1D376B55231036DC00E7EA54 /* Assets.xcassets */,
				1D376B57231036DC00E7EA54 /* LaunchScreen.storyboard */,
				1D376B5A231036DC00E7EA54 /* Info.plist */,
				1D7C46312311167200C30F43 /* Delm-Medium.otf */,
				1D7C46302311167200C30F43 /* ThirstySoftRegular.otf */,
			);
			path = Ressources;
			sourceTree = "<group>";
		};
		1DFE945E231947EE0074786A /* Grids */ = {
			isa = PBXGroup;
			children = (
				1DCD760423201FEB00788F8F /* GridViewModel.swift */,
				1DFE94602319480D0074786A /* FirstGrid */,
				1DFE945F231948030074786A /* SecondGrid */,
				1DFE94612319481D0074786A /* ThirdGrid */,
			);
			path = Grids;
			sourceTree = "<group>";
		};
		1DFE945F231948030074786A /* SecondGrid */ = {
			isa = PBXGroup;
			children = (
				1DFE945623193F5F0074786A /* SecondGrid.xib */,
				1DFE9462231948530074786A /* SecondGrid.swift */,
			);
			path = SecondGrid;
			sourceTree = "<group>";
		};
		1DFE94602319480D0074786A /* FirstGrid */ = {
			isa = PBXGroup;
			children = (
				1D4EDE80231EC0E2008992C1 /* FirstGrid.xib */,
				1D7BCB7D231EBB8C00471AC9 /* FirstGrid.swift */,
			);
			path = FirstGrid;
			sourceTree = "<group>";
		};
		1DFE94612319481D0074786A /* ThirdGrid */ = {
			isa = PBXGroup;
			children = (
				1DFE945C231947610074786A /* ThirdGrid.xib */,
				1D4EDE82231EC6FD008992C1 /* ThirdGrid.swift */,
			);
			path = ThirdGrid;
			sourceTree = "<group>";
		};
/* End PBXGroup section */

/* Begin PBXNativeTarget section */
		1D376B4A231036DA00E7EA54 /* Instagrid */ = {
			isa = PBXNativeTarget;
			buildConfigurationList = 1D376B5D231036DC00E7EA54 /* Build configuration list for PBXNativeTarget "Instagrid" */;
			buildPhases = (
				1D376B47231036DA00E7EA54 /* Sources */,
				1D376B48231036DA00E7EA54 /* Frameworks */,
				1D376B49231036DA00E7EA54 /* Resources */,
			);
			buildRules = (
			);
			dependencies = (
			);
			name = Instagrid;
			productName = Instagrid;
			productReference = 1D376B4B231036DA00E7EA54 /* Instagrid.app */;
			productType = "com.apple.product-type.application";
		};
/* End PBXNativeTarget section */

/* Begin PBXProject section */
		1D376B43231036DA00E7EA54 /* Project object */ = {
			isa = PBXProject;
			attributes = {
				LastSwiftUpdateCheck = 1030;
				LastUpgradeCheck = 1030;
				ORGANIZATIONNAME = axelleydier;
				TargetAttributes = {
					1D376B4A231036DA00E7EA54 = {
						CreatedOnToolsVersion = 10.3;
					};
				};
			};
			buildConfigurationList = 1D376B46231036DA00E7EA54 /* Build configuration list for PBXProject "Instagrid" */;
			compatibilityVersion = "Xcode 9.3";
			developmentRegion = en;
			hasScannedForEncodings = 0;
			knownRegions = (
				en,
				Base,
			);
			mainGroup = 1D376B42231036DA00E7EA54;
			productRefGroup = 1D376B4C231036DA00E7EA54 /* Products */;
			projectDirPath = "";
			projectRoot = "";
			targets = (
				1D376B4A231036DA00E7EA54 /* Instagrid */,
			);
		};
/* End PBXProject section */

/* Begin PBXResourcesBuildPhase section */
		1D376B49231036DA00E7EA54 /* Resources */ = {
			isa = PBXResourcesBuildPhase;
			buildActionMask = 2147483647;
			files = (
				1D376B59231036DC00E7EA54 /* LaunchScreen.storyboard in Resources */,
				1D7C46332311167200C30F43 /* Delm-Medium.otf in Resources */,
				1DFE945723193F5F0074786A /* SecondGrid.xib in Resources */,
				1D376B56231036DC00E7EA54 /* Assets.xcassets in Resources */,
				1D4EDE81231EC0E2008992C1 /* FirstGrid.xib in Resources */,
				1D7C46322311167200C30F43 /* ThirstySoftRegular.otf in Resources */,
				1D376B54231036DA00E7EA54 /* Main.storyboard in Resources */,
				1DFE945D231947610074786A /* ThirdGrid.xib in Resources */,
			);
			runOnlyForDeploymentPostprocessing = 0;
		};
/* End PBXResourcesBuildPhase section */

/* Begin PBXSourcesBuildPhase section */
		1D376B47231036DA00E7EA54 /* Sources */ = {
			isa = PBXSourcesBuildPhase;
			buildActionMask = 2147483647;
			files = (
				1D7BCB7E231EBB8C00471AC9 /* FirstGrid.swift in Sources */,
				1DFE9463231948530074786A /* SecondGrid.swift in Sources */,
				1DCD760523201FEB00788F8F /* GridViewModel.swift in Sources */,
				1D376B4F231036DA00E7EA54 /* AppDelegate.swift in Sources */,
				1D781420231434C300F87BFA /* HomeViewModel.swift in Sources */,
				1D376B6323103C5F00E7EA54 /* HomeViewController.swift in Sources */,
				1D4EDE83231EC6FD008992C1 /* ThirdGrid.swift in Sources */,
			);
			runOnlyForDeploymentPostprocessing = 0;
		};
/* End PBXSourcesBuildPhase section */

/* Begin PBXVariantGroup section */
		1D376B52231036DA00E7EA54 /* Main.storyboard */ = {
			isa = PBXVariantGroup;
			children = (
				1D376B53231036DA00E7EA54 /* Base */,
			);
			name = Main.storyboard;
			sourceTree = "<group>";
			usesTabs = 0;
		};
		1D376B57231036DC00E7EA54 /* LaunchScreen.storyboard */ = {
			isa = PBXVariantGroup;
			children = (
				1D376B58231036DC00E7EA54 /* Base */,
			);
			name = LaunchScreen.storyboard;
			sourceTree = "<group>";
		};
/* End PBXVariantGroup section */

/* Begin XCBuildConfiguration section */
		1D376B5B231036DC00E7EA54 /* Debug */ = {
			isa = XCBuildConfiguration;
			buildSettings = {
				ALWAYS_SEARCH_USER_PATHS = NO;
				CLANG_ANALYZER_NONNULL = YES;
				CLANG_ANALYZER_NUMBER_OBJECT_CONVERSION = YES_AGGRESSIVE;
				CLANG_CXX_LANGUAGE_STANDARD = "gnu++14";
				CLANG_CXX_LIBRARY = "libc++";
				CLANG_ENABLE_MODULES = YES;
				CLANG_ENABLE_OBJC_ARC = YES;
				CLANG_ENABLE_OBJC_WEAK = YES;
				CLANG_WARN_BLOCK_CAPTURE_AUTORELEASING = YES;
				CLANG_WARN_BOOL_CONVERSION = YES;
				CLANG_WARN_COMMA = YES;
				CLANG_WARN_CONSTANT_CONVERSION = YES;
				CLANG_WARN_DEPRECATED_OBJC_IMPLEMENTATIONS = YES;
				CLANG_WARN_DIRECT_OBJC_ISA_USAGE = YES_ERROR;
				CLANG_WARN_DOCUMENTATION_COMMENTS = YES;
				CLANG_WARN_EMPTY_BODY = YES;
				CLANG_WARN_ENUM_CONVERSION = YES;
				CLANG_WARN_INFINITE_RECURSION = YES;
				CLANG_WARN_INT_CONVERSION = YES;
				CLANG_WARN_NON_LITERAL_NULL_CONVERSION = YES;
				CLANG_WARN_OBJC_IMPLICIT_RETAIN_SELF = YES;
				CLANG_WARN_OBJC_LITERAL_CONVERSION = YES;
				CLANG_WARN_OBJC_ROOT_CLASS = YES_ERROR;
				CLANG_WARN_RANGE_LOOP_ANALYSIS = YES;
				CLANG_WARN_STRICT_PROTOTYPES = YES;
				CLANG_WARN_SUSPICIOUS_MOVE = YES;
				CLANG_WARN_UNGUARDED_AVAILABILITY = YES_AGGRESSIVE;
				CLANG_WARN_UNREACHABLE_CODE = YES;
				CLANG_WARN__DUPLICATE_METHOD_MATCH = YES;
				CODE_SIGN_IDENTITY = "iPhone Developer";
				COPY_PHASE_STRIP = NO;
				DEBUG_INFORMATION_FORMAT = dwarf;
				ENABLE_STRICT_OBJC_MSGSEND = YES;
				ENABLE_TESTABILITY = YES;
				GCC_C_LANGUAGE_STANDARD = gnu11;
				GCC_DYNAMIC_NO_PIC = NO;
				GCC_NO_COMMON_BLOCKS = YES;
				GCC_OPTIMIZATION_LEVEL = 0;
				GCC_PREPROCESSOR_DEFINITIONS = (
					"DEBUG=1",
					"$(inherited)",
				);
				GCC_WARN_64_TO_32_BIT_CONVERSION = YES;
				GCC_WARN_ABOUT_RETURN_TYPE = YES_ERROR;
				GCC_WARN_UNDECLARED_SELECTOR = YES;
				GCC_WARN_UNINITIALIZED_AUTOS = YES_AGGRESSIVE;
				GCC_WARN_UNUSED_FUNCTION = YES;
				GCC_WARN_UNUSED_VARIABLE = YES;
				IPHONEOS_DEPLOYMENT_TARGET = 12.4;
				MTL_ENABLE_DEBUG_INFO = INCLUDE_SOURCE;
				MTL_FAST_MATH = YES;
				ONLY_ACTIVE_ARCH = YES;
				SDKROOT = iphoneos;
				SWIFT_ACTIVE_COMPILATION_CONDITIONS = DEBUG;
				SWIFT_OPTIMIZATION_LEVEL = "-Onone";
			};
			name = Debug;
		};
		1D376B5C231036DC00E7EA54 /* Release */ = {
			isa = XCBuildConfiguration;
			buildSettings = {
				ALWAYS_SEARCH_USER_PATHS = NO;
				CLANG_ANALYZER_NONNULL = YES;
				CLANG_ANALYZER_NUMBER_OBJECT_CONVERSION = YES_AGGRESSIVE;
				CLANG_CXX_LANGUAGE_STANDARD = "gnu++14";
				CLANG_CXX_LIBRARY = "libc++";
				CLANG_ENABLE_MODULES = YES;
				CLANG_ENABLE_OBJC_ARC = YES;
				CLANG_ENABLE_OBJC_WEAK = YES;
				CLANG_WARN_BLOCK_CAPTURE_AUTORELEASING = YES;
				CLANG_WARN_BOOL_CONVERSION = YES;
				CLANG_WARN_COMMA = YES;
				CLANG_WARN_CONSTANT_CONVERSION = YES;
				CLANG_WARN_DEPRECATED_OBJC_IMPLEMENTATIONS = YES;
				CLANG_WARN_DIRECT_OBJC_ISA_USAGE = YES_ERROR;
				CLANG_WARN_DOCUMENTATION_COMMENTS = YES;
				CLANG_WARN_EMPTY_BODY = YES;
				CLANG_WARN_ENUM_CONVERSION = YES;
				CLANG_WARN_INFINITE_RECURSION = YES;
				CLANG_WARN_INT_CONVERSION = YES;
				CLANG_WARN_NON_LITERAL_NULL_CONVERSION = YES;
				CLANG_WARN_OBJC_IMPLICIT_RETAIN_SELF = YES;
				CLANG_WARN_OBJC_LITERAL_CONVERSION = YES;
				CLANG_WARN_OBJC_ROOT_CLASS = YES_ERROR;
				CLANG_WARN_RANGE_LOOP_ANALYSIS = YES;
				CLANG_WARN_STRICT_PROTOTYPES = YES;
				CLANG_WARN_SUSPICIOUS_MOVE = YES;
				CLANG_WARN_UNGUARDED_AVAILABILITY = YES_AGGRESSIVE;
				CLANG_WARN_UNREACHABLE_CODE = YES;
				CLANG_WARN__DUPLICATE_METHOD_MATCH = YES;
				CODE_SIGN_IDENTITY = "iPhone Developer";
				COPY_PHASE_STRIP = NO;
				DEBUG_INFORMATION_FORMAT = "dwarf-with-dsym";
				ENABLE_NS_ASSERTIONS = NO;
				ENABLE_STRICT_OBJC_MSGSEND = YES;
				GCC_C_LANGUAGE_STANDARD = gnu11;
				GCC_NO_COMMON_BLOCKS = YES;
				GCC_WARN_64_TO_32_BIT_CONVERSION = YES;
				GCC_WARN_ABOUT_RETURN_TYPE = YES_ERROR;
				GCC_WARN_UNDECLARED_SELECTOR = YES;
				GCC_WARN_UNINITIALIZED_AUTOS = YES_AGGRESSIVE;
				GCC_WARN_UNUSED_FUNCTION = YES;
				GCC_WARN_UNUSED_VARIABLE = YES;
				IPHONEOS_DEPLOYMENT_TARGET = 12.4;
				MTL_ENABLE_DEBUG_INFO = NO;
				MTL_FAST_MATH = YES;
				SDKROOT = iphoneos;
				SWIFT_COMPILATION_MODE = wholemodule;
				SWIFT_OPTIMIZATION_LEVEL = "-O";
				VALIDATE_PRODUCT = YES;
			};
			name = Release;
		};
		1D376B5E231036DC00E7EA54 /* Debug */ = {
			isa = XCBuildConfiguration;
			buildSettings = {
				ASSETCATALOG_COMPILER_APPICON_NAME = AppIcon;
				CODE_SIGN_STYLE = Automatic;
				DEVELOPMENT_TEAM = FZ5FGSLP7C;
				INFOPLIST_FILE = Instagrid/Ressources/Info.plist;
				LD_RUNPATH_SEARCH_PATHS = (
					"$(inherited)",
					"@executable_path/Frameworks",
				);
				PRODUCT_BUNDLE_IDENTIFIER = com.axelleydier.Instagrid;
				PRODUCT_NAME = "$(TARGET_NAME)";
				SWIFT_VERSION = 5.0;
				TARGETED_DEVICE_FAMILY = 1;
			};
			name = Debug;
		};
		1D376B5F231036DC00E7EA54 /* Release */ = {
			isa = XCBuildConfiguration;
			buildSettings = {
				ASSETCATALOG_COMPILER_APPICON_NAME = AppIcon;
				CODE_SIGN_STYLE = Automatic;
				DEVELOPMENT_TEAM = FZ5FGSLP7C;
				INFOPLIST_FILE = Instagrid/Ressources/Info.plist;
				LD_RUNPATH_SEARCH_PATHS = (
					"$(inherited)",
					"@executable_path/Frameworks",
				);
				PRODUCT_BUNDLE_IDENTIFIER = com.axelleydier.Instagrid;
				PRODUCT_NAME = "$(TARGET_NAME)";
				SWIFT_VERSION = 5.0;
				TARGETED_DEVICE_FAMILY = 1;
			};
			name = Release;
		};
/* End XCBuildConfiguration section */

/* Begin XCConfigurationList section */
		1D376B46231036DA00E7EA54 /* Build configuration list for PBXProject "Instagrid" */ = {
			isa = XCConfigurationList;
			buildConfigurations = (
				1D376B5B231036DC00E7EA54 /* Debug */,
				1D376B5C231036DC00E7EA54 /* Release */,
			);
			defaultConfigurationIsVisible = 0;
			defaultConfigurationName = Release;
		};
		1D376B5D231036DC00E7EA54 /* Build configuration list for PBXNativeTarget "Instagrid" */ = {
			isa = XCConfigurationList;
			buildConfigurations = (
				1D376B5E231036DC00E7EA54 /* Debug */,
				1D376B5F231036DC00E7EA54 /* Release */,
			);
			defaultConfigurationIsVisible = 0;
			defaultConfigurationName = Release;
		};
/* End XCConfigurationList section */
	};
	rootObject = 1D376B43231036DA00E7EA54 /* Project object */;
}
